// !$*UTF8*$!
{
	archiveVersion = 1;
	classes = {
	};
	objectVersion = 56;
	objects = {

/* Begin PBXBuildFile section */
		243FB78128EDB0CC00C8416B /* AppDelegate.swift in Sources */ = {isa = PBXBuildFile; fileRef = 243FB78028EDB0CC00C8416B /* AppDelegate.swift */; };
		243FB78328EDB0CC00C8416B /* SceneDelegate.swift in Sources */ = {isa = PBXBuildFile; fileRef = 243FB78228EDB0CC00C8416B /* SceneDelegate.swift */; };
		243FB78528EDB0CC00C8416B /* ViewController.swift in Sources */ = {isa = PBXBuildFile; fileRef = 243FB78428EDB0CC00C8416B /* ViewController.swift */; };
		243FB78828EDB0CC00C8416B /* Main.storyboard in Resources */ = {isa = PBXBuildFile; fileRef = 243FB78628EDB0CC00C8416B /* Main.storyboard */; };
		243FB78A28EDB0CD00C8416B /* Assets.xcassets in Resources */ = {isa = PBXBuildFile; fileRef = 243FB78928EDB0CD00C8416B /* Assets.xcassets */; };
		243FB78D28EDB0CD00C8416B /* LaunchScreen.storyboard in Resources */ = {isa = PBXBuildFile; fileRef = 243FB78B28EDB0CD00C8416B /* LaunchScreen.storyboard */; };
		243FB79828EDB0CD00C8416B /* palmTests.swift in Sources */ = {isa = PBXBuildFile; fileRef = 243FB79728EDB0CD00C8416B /* palmTests.swift */; };
		243FB7A228EDB0CE00C8416B /* palmUITests.swift in Sources */ = {isa = PBXBuildFile; fileRef = 243FB7A128EDB0CE00C8416B /* palmUITests.swift */; };
		243FB7A428EDB0CE00C8416B /* palmUITestsLaunchTests.swift in Sources */ = {isa = PBXBuildFile; fileRef = 243FB7A328EDB0CE00C8416B /* palmUITestsLaunchTests.swift */; };
/* End PBXBuildFile section */

/* Begin PBXContainerItemProxy section */
		243FB79428EDB0CD00C8416B /* PBXContainerItemProxy */ = {
			isa = PBXContainerItemProxy;
			containerPortal = 243FB77528EDB0CC00C8416B /* Project object */;
			proxyType = 1;
			remoteGlobalIDString = 243FB77C28EDB0CC00C8416B;
			remoteInfo = palm;
		};
		243FB79E28EDB0CD00C8416B /* PBXContainerItemProxy */ = {
			isa = PBXContainerItemProxy;
			containerPortal = 243FB77528EDB0CC00C8416B /* Project object */;
			proxyType = 1;
			remoteGlobalIDString = 243FB77C28EDB0CC00C8416B;
			remoteInfo = palm;
		};
/* End PBXContainerItemProxy section */

/* Begin PBXFileReference section */
		243FB77D28EDB0CC00C8416B /* palm.app */ = {isa = PBXFileReference; explicitFileType = wrapper.application; includeInIndex = 0; path = palm.app; sourceTree = BUILT_PRODUCTS_DIR; };
		243FB78028EDB0CC00C8416B /* AppDelegate.swift */ = {isa = PBXFileReference; lastKnownFileType = sourcecode.swift; path = AppDelegate.swift; sourceTree = "<group>"; };
		243FB78228EDB0CC00C8416B /* SceneDelegate.swift */ = {isa = PBXFileReference; lastKnownFileType = sourcecode.swift; path = SceneDelegate.swift; sourceTree = "<group>"; };
		243FB78428EDB0CC00C8416B /* ViewController.swift */ = {isa = PBXFileReference; lastKnownFileType = sourcecode.swift; path = ViewController.swift; sourceTree = "<group>"; };
		243FB78728EDB0CC00C8416B /* Base */ = {isa = PBXFileReference; lastKnownFileType = file.storyboard; name = Base; path = Base.lproj/Main.storyboard; sourceTree = "<group>"; };
		243FB78928EDB0CD00C8416B /* Assets.xcassets */ = {isa = PBXFileReference; lastKnownFileType = folder.assetcatalog; path = Assets.xcassets; sourceTree = "<group>"; };
		243FB78C28EDB0CD00C8416B /* Base */ = {isa = PBXFileReference; lastKnownFileType = file.storyboard; name = Base; path = Base.lproj/LaunchScreen.storyboard; sourceTree = "<group>"; };
		243FB78E28EDB0CD00C8416B /* Info.plist */ = {isa = PBXFileReference; lastKnownFileType = text.plist.xml; path = Info.plist; sourceTree = "<group>"; };
		243FB79328EDB0CD00C8416B /* palmTests.xctest */ = {isa = PBXFileReference; explicitFileType = wrapper.cfbundle; includeInIndex = 0; path = palmTests.xctest; sourceTree = BUILT_PRODUCTS_DIR; };
		243FB79728EDB0CD00C8416B /* palmTests.swift */ = {isa = PBXFileReference; lastKnownFileType = sourcecode.swift; path = palmTests.swift; sourceTree = "<group>"; };
		243FB79D28EDB0CD00C8416B /* palmUITests.xctest */ = {isa = PBXFileReference; explicitFileType = wrapper.cfbundle; includeInIndex = 0; path = palmUITests.xctest; sourceTree = BUILT_PRODUCTS_DIR; };
		243FB7A128EDB0CE00C8416B /* palmUITests.swift */ = {isa = PBXFileReference; lastKnownFileType = sourcecode.swift; path = palmUITests.swift; sourceTree = "<group>"; };
		243FB7A328EDB0CE00C8416B /* palmUITestsLaunchTests.swift */ = {isa = PBXFileReference; lastKnownFileType = sourcecode.swift; path = palmUITestsLaunchTests.swift; sourceTree = "<group>"; };
/* End PBXFileReference section */

/* Begin PBXFrameworksBuildPhase section */
		243FB77A28EDB0CC00C8416B /* Frameworks */ = {
			isa = PBXFrameworksBuildPhase;
			buildActionMask = 2147483647;
			files = (
			);
			runOnlyForDeploymentPostprocessing = 0;
		};
		243FB79028EDB0CD00C8416B /* Frameworks */ = {
			isa = PBXFrameworksBuildPhase;
			buildActionMask = 2147483647;
			files = (
			);
			runOnlyForDeploymentPostprocessing = 0;
		};
		243FB79A28EDB0CD00C8416B /* Frameworks */ = {
			isa = PBXFrameworksBuildPhase;
			buildActionMask = 2147483647;
			files = (
			);
			runOnlyForDeploymentPostprocessing = 0;
		};
/* End PBXFrameworksBuildPhase section */

/* Begin PBXGroup section */
		243FB77428EDB0CC00C8416B = {
			isa = PBXGroup;
			children = (
				243FB77F28EDB0CC00C8416B /* palm */,
				243FB79628EDB0CD00C8416B /* palmTests */,
				243FB7A028EDB0CE00C8416B /* palmUITests */,
				243FB77E28EDB0CC00C8416B /* Products */,
			);
			sourceTree = "<group>";
		};
		243FB77E28EDB0CC00C8416B /* Products */ = {
			isa = PBXGroup;
			children = (
				243FB77D28EDB0CC00C8416B /* palm.app */,
				243FB79328EDB0CD00C8416B /* palmTests.xctest */,
				243FB79D28EDB0CD00C8416B /* palmUITests.xctest */,
			);
			name = Products;
			sourceTree = "<group>";
		};
		243FB77F28EDB0CC00C8416B /* palm */ = {
			isa = PBXGroup;
			children = (
				243FB78028EDB0CC00C8416B /* AppDelegate.swift */,
				243FB78228EDB0CC00C8416B /* SceneDelegate.swift */,
				243FB78428EDB0CC00C8416B /* ViewController.swift */,
				243FB78628EDB0CC00C8416B /* Main.storyboard */,
				243FB78928EDB0CD00C8416B /* Assets.xcassets */,
				243FB78B28EDB0CD00C8416B /* LaunchScreen.storyboard */,
				243FB78E28EDB0CD00C8416B /* Info.plist */,
			);
			path = palm;
			sourceTree = "<group>";
		};
		243FB79628EDB0CD00C8416B /* palmTests */ = {
			isa = PBXGroup;
			children = (
				243FB79728EDB0CD00C8416B /* palmTests.swift */,
			);
			path = palmTests;
			sourceTree = "<group>";
		};
		243FB7A028EDB0CE00C8416B /* palmUITests */ = {
			isa = PBXGroup;
			children = (
				243FB7A128EDB0CE00C8416B /* palmUITests.swift */,
				243FB7A328EDB0CE00C8416B /* palmUITestsLaunchTests.swift */,
			);
			path = palmUITests;
			sourceTree = "<group>";
		};
/* End PBXGroup section */

/* Begin PBXNativeTarget section */
		243FB77C28EDB0CC00C8416B /* palm */ = {
			isa = PBXNativeTarget;
			buildConfigurationList = 243FB7A728EDB0CE00C8416B /* Build configuration list for PBXNativeTarget "palm" */;
			buildPhases = (
				243FB77928EDB0CC00C8416B /* Sources */,
				243FB77A28EDB0CC00C8416B /* Frameworks */,
				243FB77B28EDB0CC00C8416B /* Resources */,
			);
			buildRules = (
			);
			dependencies = (
			);
			name = palm;
			productName = palm;
			productReference = 243FB77D28EDB0CC00C8416B /* palm.app */;
			productType = "com.apple.product-type.application";
		};
		243FB79228EDB0CD00C8416B /* palmTests */ = {
			isa = PBXNativeTarget;
			buildConfigurationList = 243FB7AA28EDB0CE00C8416B /* Build configuration list for PBXNativeTarget "palmTests" */;
			buildPhases = (
				243FB78F28EDB0CD00C8416B /* Sources */,
				243FB79028EDB0CD00C8416B /* Frameworks */,
				243FB79128EDB0CD00C8416B /* Resources */,
			);
			buildRules = (
			);
			dependencies = (
				243FB79528EDB0CD00C8416B /* PBXTargetDependency */,
			);
			name = palmTests;
			productName = palmTests;
			productReference = 243FB79328EDB0CD00C8416B /* palmTests.xctest */;
			productType = "com.apple.product-type.bundle.unit-test";
		};
		243FB79C28EDB0CD00C8416B /* palmUITests */ = {
			isa = PBXNativeTarget;
			buildConfigurationList = 243FB7AD28EDB0CE00C8416B /* Build configuration list for PBXNativeTarget "palmUITests" */;
			buildPhases = (
				243FB79928EDB0CD00C8416B /* Sources */,
				243FB79A28EDB0CD00C8416B /* Frameworks */,
				243FB79B28EDB0CD00C8416B /* Resources */,
			);
			buildRules = (
			);
			dependencies = (
				243FB79F28EDB0CE00C8416B /* PBXTargetDependency */,
			);
			name = palmUITests;
			productName = palmUITests;
			productReference = 243FB79D28EDB0CD00C8416B /* palmUITests.xctest */;
			productType = "com.apple.product-type.bundle.ui-testing";
		};
/* End PBXNativeTarget section */

/* Begin PBXProject section */
		243FB77528EDB0CC00C8416B /* Project object */ = {
			isa = PBXProject;
			attributes = {
				BuildIndependentTargetsInParallel = 1;
				LastSwiftUpdateCheck = 1400;
				LastUpgradeCheck = 1400;
				TargetAttributes = {
					243FB77C28EDB0CC00C8416B = {
						CreatedOnToolsVersion = 14.0.1;
					};
					243FB79228EDB0CD00C8416B = {
						CreatedOnToolsVersion = 14.0.1;
						TestTargetID = 243FB77C28EDB0CC00C8416B;
					};
					243FB79C28EDB0CD00C8416B = {
						CreatedOnToolsVersion = 14.0.1;
						TestTargetID = 243FB77C28EDB0CC00C8416B;
					};
				};
			};
			buildConfigurationList = 243FB77828EDB0CC00C8416B /* Build configuration list for PBXProject "palm" */;
			compatibilityVersion = "Xcode 14.0";
			developmentRegion = en;
			hasScannedForEncodings = 0;
			knownRegions = (
				en,
				Base,
			);
			mainGroup = 243FB77428EDB0CC00C8416B;
			productRefGroup = 243FB77E28EDB0CC00C8416B /* Products */;
			projectDirPath = "";
			projectRoot = "";
			targets = (
				243FB77C28EDB0CC00C8416B /* palm */,
				243FB79228EDB0CD00C8416B /* palmTests */,
				243FB79C28EDB0CD00C8416B /* palmUITests */,
			);
		};
/* End PBXProject section */

/* Begin PBXResourcesBuildPhase section */
		243FB77B28EDB0CC00C8416B /* Resources */ = {
			isa = PBXResourcesBuildPhase;
			buildActionMask = 2147483647;
			files = (
				243FB78D28EDB0CD00C8416B /* LaunchScreen.storyboard in Resources */,
				243FB78A28EDB0CD00C8416B /* Assets.xcassets in Resources */,
				243FB78828EDB0CC00C8416B /* Main.storyboard in Resources */,
			);
			runOnlyForDeploymentPostprocessing = 0;
		};
		243FB79128EDB0CD00C8416B /* Resources */ = {
			isa = PBXResourcesBuildPhase;
			buildActionMask = 2147483647;
			files = (
			);
			runOnlyForDeploymentPostprocessing = 0;
		};
		243FB79B28EDB0CD00C8416B /* Resources */ = {
			isa = PBXResourcesBuildPhase;
			buildActionMask = 2147483647;
			files = (
			);
			runOnlyForDeploymentPostprocessing = 0;
		};
/* End PBXResourcesBuildPhase section */

/* Begin PBXSourcesBuildPhase section */
		243FB77928EDB0CC00C8416B /* Sources */ = {
			isa = PBXSourcesBuildPhase;
			buildActionMask = 2147483647;
			files = (
				243FB78528EDB0CC00C8416B /* ViewController.swift in Sources */,
				243FB78128EDB0CC00C8416B /* AppDelegate.swift in Sources */,
				243FB78328EDB0CC00C8416B /* SceneDelegate.swift in Sources */,
			);
			runOnlyForDeploymentPostprocessing = 0;
		};
		243FB78F28EDB0CD00C8416B /* Sources */ = {
			isa = PBXSourcesBuildPhase;
			buildActionMask = 2147483647;
			files = (
				243FB79828EDB0CD00C8416B /* palmTests.swift in Sources */,
			);
			runOnlyForDeploymentPostprocessing = 0;
		};
		243FB79928EDB0CD00C8416B /* Sources */ = {
			isa = PBXSourcesBuildPhase;
			buildActionMask = 2147483647;
			files = (
				243FB7A428EDB0CE00C8416B /* palmUITestsLaunchTests.swift in Sources */,
				243FB7A228EDB0CE00C8416B /* palmUITests.swift in Sources */,
			);
			runOnlyForDeploymentPostprocessing = 0;
		};
/* End PBXSourcesBuildPhase section */

/* Begin PBXTargetDependency section */
		243FB79528EDB0CD00C8416B /* PBXTargetDependency */ = {
			isa = PBXTargetDependency;
			target = 243FB77C28EDB0CC00C8416B /* palm */;
			targetProxy = 243FB79428EDB0CD00C8416B /* PBXContainerItemProxy */;
		};
		243FB79F28EDB0CE00C8416B /* PBXTargetDependency */ = {
			isa = PBXTargetDependency;
			target = 243FB77C28EDB0CC00C8416B /* palm */;
			targetProxy = 243FB79E28EDB0CD00C8416B /* PBXContainerItemProxy */;
		};
/* End PBXTargetDependency section */

/* Begin PBXVariantGroup section */
		243FB78628EDB0CC00C8416B /* Main.storyboard */ = {
			isa = PBXVariantGroup;
			children = (
				243FB78728EDB0CC00C8416B /* Base */,
			);
			name = Main.storyboard;
			sourceTree = "<group>";
		};
		243FB78B28EDB0CD00C8416B /* LaunchScreen.storyboard */ = {
			isa = PBXVariantGroup;
			children = (
				243FB78C28EDB0CD00C8416B /* Base */,
			);
			name = LaunchScreen.storyboard;
			sourceTree = "<group>";
		};
/* End PBXVariantGroup section */

/* Begin XCBuildConfiguration section */
		243FB7A528EDB0CE00C8416B /* Debug */ = {
			isa = XCBuildConfiguration;
			buildSettings = {
				ALWAYS_SEARCH_USER_PATHS = NO;
				CLANG_ANALYZER_NONNULL = YES;
				CLANG_ANALYZER_NUMBER_OBJECT_CONVERSION = YES_AGGRESSIVE;
				CLANG_CXX_LANGUAGE_STANDARD = "gnu++20";
				CLANG_ENABLE_MODULES = YES;
				CLANG_ENABLE_OBJC_ARC = YES;
				CLANG_ENABLE_OBJC_WEAK = YES;
				CLANG_WARN_BLOCK_CAPTURE_AUTORELEASING = YES;
				CLANG_WARN_BOOL_CONVERSION = YES;
				CLANG_WARN_COMMA = YES;
				CLANG_WARN_CONSTANT_CONVERSION = YES;
				CLANG_WARN_DEPRECATED_OBJC_IMPLEMENTATIONS = YES;
				CLANG_WARN_DIRECT_OBJC_ISA_USAGE = YES_ERROR;
				CLANG_WARN_DOCUMENTATION_COMMENTS = YES;
				CLANG_WARN_EMPTY_BODY = YES;
				CLANG_WARN_ENUM_CONVERSION = YES;
				CLANG_WARN_INFINITE_RECURSION = YES;
				CLANG_WARN_INT_CONVERSION = YES;
				CLANG_WARN_NON_LITERAL_NULL_CONVERSION = YES;
				CLANG_WARN_OBJC_IMPLICIT_RETAIN_SELF = YES;
				CLANG_WARN_OBJC_LITERAL_CONVERSION = YES;
				CLANG_WARN_OBJC_ROOT_CLASS = YES_ERROR;
				CLANG_WARN_QUOTED_INCLUDE_IN_FRAMEWORK_HEADER = YES;
				CLANG_WARN_RANGE_LOOP_ANALYSIS = YES;
				CLANG_WARN_STRICT_PROTOTYPES = YES;
				CLANG_WARN_SUSPICIOUS_MOVE = YES;
				CLANG_WARN_UNGUARDED_AVAILABILITY = YES_AGGRESSIVE;
				CLANG_WARN_UNREACHABLE_CODE = YES;
				CLANG_WARN__DUPLICATE_METHOD_MATCH = YES;
				COPY_PHASE_STRIP = NO;
				DEBUG_INFORMATION_FORMAT = dwarf;
				ENABLE_STRICT_OBJC_MSGSEND = YES;
				ENABLE_TESTABILITY = YES;
				GCC_C_LANGUAGE_STANDARD = gnu11;
				GCC_DYNAMIC_NO_PIC = NO;
				GCC_NO_COMMON_BLOCKS = YES;
				GCC_OPTIMIZATION_LEVEL = 0;
				GCC_PREPROCESSOR_DEFINITIONS = (
					"DEBUG=1",
					"$(inherited)",
				);
				GCC_WARN_64_TO_32_BIT_CONVERSION = YES;
				GCC_WARN_ABOUT_RETURN_TYPE = YES_ERROR;
				GCC_WARN_UNDECLARED_SELECTOR = YES;
				GCC_WARN_UNINITIALIZED_AUTOS = YES_AGGRESSIVE;
				GCC_WARN_UNUSED_FUNCTION = YES;
				GCC_WARN_UNUSED_VARIABLE = YES;
				IPHONEOS_DEPLOYMENT_TARGET = 16.0;
				MTL_ENABLE_DEBUG_INFO = INCLUDE_SOURCE;
				MTL_FAST_MATH = YES;
				ONLY_ACTIVE_ARCH = YES;
				SDKROOT = iphoneos;
				SWIFT_ACTIVE_COMPILATION_CONDITIONS = DEBUG;
				SWIFT_OPTIMIZATION_LEVEL = "-Onone";
			};
			name = Debug;
		};
		243FB7A628EDB0CE00C8416B /* Release */ = {
			isa = XCBuildConfiguration;
			buildSettings = {
				ALWAYS_SEARCH_USER_PATHS = NO;
				CLANG_ANALYZER_NONNULL = YES;
				CLANG_ANALYZER_NUMBER_OBJECT_CONVERSION = YES_AGGRESSIVE;
				CLANG_CXX_LANGUAGE_STANDARD = "gnu++20";
				CLANG_ENABLE_MODULES = YES;
				CLANG_ENABLE_OBJC_ARC = YES;
				CLANG_ENABLE_OBJC_WEAK = YES;
				CLANG_WARN_BLOCK_CAPTURE_AUTORELEASING = YES;
				CLANG_WARN_BOOL_CONVERSION = YES;
				CLANG_WARN_COMMA = YES;
				CLANG_WARN_CONSTANT_CONVERSION = YES;
				CLANG_WARN_DEPRECATED_OBJC_IMPLEMENTATIONS = YES;
				CLANG_WARN_DIRECT_OBJC_ISA_USAGE = YES_ERROR;
				CLANG_WARN_DOCUMENTATION_COMMENTS = YES;
				CLANG_WARN_EMPTY_BODY = YES;
				CLANG_WARN_ENUM_CONVERSION = YES;
				CLANG_WARN_INFINITE_RECURSION = YES;
				CLANG_WARN_INT_CONVERSION = YES;
				CLANG_WARN_NON_LITERAL_NULL_CONVERSION = YES;
				CLANG_WARN_OBJC_IMPLICIT_RETAIN_SELF = YES;
				CLANG_WARN_OBJC_LITERAL_CONVERSION = YES;
				CLANG_WARN_OBJC_ROOT_CLASS = YES_ERROR;
				CLANG_WARN_QUOTED_INCLUDE_IN_FRAMEWORK_HEADER = YES;
				CLANG_WARN_RANGE_LOOP_ANALYSIS = YES;
				CLANG_WARN_STRICT_PROTOTYPES = YES;
				CLANG_WARN_SUSPICIOUS_MOVE = YES;
				CLANG_WARN_UNGUARDED_AVAILABILITY = YES_AGGRESSIVE;
				CLANG_WARN_UNREACHABLE_CODE = YES;
				CLANG_WARN__DUPLICATE_METHOD_MATCH = YES;
				COPY_PHASE_STRIP = NO;
				DEBUG_INFORMATION_FORMAT = "dwarf-with-dsym";
				ENABLE_NS_ASSERTIONS = NO;
				ENABLE_STRICT_OBJC_MSGSEND = YES;
				GCC_C_LANGUAGE_STANDARD = gnu11;
				GCC_NO_COMMON_BLOCKS = YES;
				GCC_WARN_64_TO_32_BIT_CONVERSION = YES;
				GCC_WARN_ABOUT_RETURN_TYPE = YES_ERROR;
				GCC_WARN_UNDECLARED_SELECTOR = YES;
				GCC_WARN_UNINITIALIZED_AUTOS = YES_AGGRESSIVE;
				GCC_WARN_UNUSED_FUNCTION = YES;
				GCC_WARN_UNUSED_VARIABLE = YES;
				IPHONEOS_DEPLOYMENT_TARGET = 16.0;
				MTL_ENABLE_DEBUG_INFO = NO;
				MTL_FAST_MATH = YES;
				SDKROOT = iphoneos;
				SWIFT_COMPILATION_MODE = wholemodule;
				SWIFT_OPTIMIZATION_LEVEL = "-O";
				VALIDATE_PRODUCT = YES;
			};
			name = Release;
		};
		243FB7A828EDB0CE00C8416B /* Debug */ = {
			isa = XCBuildConfiguration;
			buildSettings = {
				ASSETCATALOG_COMPILER_APPICON_NAME = AppIcon;
				ASSETCATALOG_COMPILER_GLOBAL_ACCENT_COLOR_NAME = AccentColor;
				CODE_SIGN_STYLE = Automatic;
				CURRENT_PROJECT_VERSION = 1;
				DEVELOPMENT_TEAM = 6TZ3J8GC68;
				GENERATE_INFOPLIST_FILE = YES;
				INFOPLIST_FILE = palm/Info.plist;
				INFOPLIST_KEY_UIApplicationSupportsIndirectInputEvents = YES;
				INFOPLIST_KEY_UILaunchStoryboardName = LaunchScreen;
				INFOPLIST_KEY_UIMainStoryboardFile = Main;
				INFOPLIST_KEY_UISupportedInterfaceOrientations_iPad = "UIInterfaceOrientationPortrait UIInterfaceOrientationPortraitUpsideDown UIInterfaceOrientationLandscapeLeft UIInterfaceOrientationLandscapeRight";
				INFOPLIST_KEY_UISupportedInterfaceOrientations_iPhone = "UIInterfaceOrientationPortrait UIInterfaceOrientationLandscapeLeft UIInterfaceOrientationLandscapeRight";
				LD_RUNPATH_SEARCH_PATHS = (
					"$(inherited)",
					"@executable_path/Frameworks",
				);
				MARKETING_VERSION = 1.0;
				PRODUCT_BUNDLE_IDENTIFIER = com.kwon.palm;
				PRODUCT_NAME = "$(TARGET_NAME)";
				SWIFT_EMIT_LOC_STRINGS = YES;
				SWIFT_VERSION = 5.0;
				TARGETED_DEVICE_FAMILY = "1,2";
			};
			name = Debug;
		};
		243FB7A928EDB0CE00C8416B /* Release */ = {
			isa = XCBuildConfiguration;
			buildSettings = {
				ASSETCATALOG_COMPILER_APPICON_NAME = AppIcon;
				ASSETCATALOG_COMPILER_GLOBAL_ACCENT_COLOR_NAME = AccentColor;
				CODE_SIGN_STYLE = Automatic;
				CURRENT_PROJECT_VERSION = 1;
				DEVELOPMENT_TEAM = 6TZ3J8GC68;
				GENERATE_INFOPLIST_FILE = YES;
				INFOPLIST_FILE = palm/Info.plist;
				INFOPLIST_KEY_UIApplicationSupportsIndirectInputEvents = YES;
				INFOPLIST_KEY_UILaunchStoryboardName = LaunchScreen;
				INFOPLIST_KEY_UIMainStoryboardFile = Main;
				INFOPLIST_KEY_UISupportedInterfaceOrientations_iPad = "UIInterfaceOrientationPortrait UIInterfaceOrientationPortraitUpsideDown UIInterfaceOrientationLandscapeLeft UIInterfaceOrientationLandscapeRight";
				INFOPLIST_KEY_UISupportedInterfaceOrientations_iPhone = "UIInterfaceOrientationPortrait UIInterfaceOrientationLandscapeLeft UIInterfaceOrientationLandscapeRight";
				LD_RUNPATH_SEARCH_PATHS = (
					"$(inherited)",
					"@executable_path/Frameworks",
				);
				MARKETING_VERSION = 1.0;
				PRODUCT_BUNDLE_IDENTIFIER = com.kwon.palm;
				PRODUCT_NAME = "$(TARGET_NAME)";
				SWIFT_EMIT_LOC_STRINGS = YES;
				SWIFT_VERSION = 5.0;
				TARGETED_DEVICE_FAMILY = "1,2";
			};
			name = Release;
		};
		243FB7AB28EDB0CE00C8416B /* Debug */ = {
			isa = XCBuildConfiguration;
			buildSettings = {
				ALWAYS_EMBED_SWIFT_STANDARD_LIBRARIES = YES;
				BUNDLE_LOADER = "$(TEST_HOST)";
				CODE_SIGN_STYLE = Automatic;
				CURRENT_PROJECT_VERSION = 1;
				DEVELOPMENT_TEAM = 6TZ3J8GC68;
				GENERATE_INFOPLIST_FILE = YES;
				IPHONEOS_DEPLOYMENT_TARGET = 16.0;
				MARKETING_VERSION = 1.0;
				PRODUCT_BUNDLE_IDENTIFIER = com.kwon.palmTests;
				PRODUCT_NAME = "$(TARGET_NAME)";
				SWIFT_EMIT_LOC_STRINGS = NO;
				SWIFT_VERSION = 5.0;
				TARGETED_DEVICE_FAMILY = "1,2";
				TEST_HOST = "$(BUILT_PRODUCTS_DIR)/palm.app/$(BUNDLE_EXECUTABLE_FOLDER_PATH)/palm";
			};
			name = Debug;
		};
		243FB7AC28EDB0CE00C8416B /* Release */ = {
			isa = XCBuildConfiguration;
			buildSettings = {
				ALWAYS_EMBED_SWIFT_STANDARD_LIBRARIES = YES;
				BUNDLE_LOADER = "$(TEST_HOST)";
				CODE_SIGN_STYLE = Automatic;
				CURRENT_PROJECT_VERSION = 1;
				DEVELOPMENT_TEAM = 6TZ3J8GC68;
				GENERATE_INFOPLIST_FILE = YES;
				IPHONEOS_DEPLOYMENT_TARGET = 16.0;
				MARKETING_VERSION = 1.0;
				PRODUCT_BUNDLE_IDENTIFIER = com.kwon.palmTests;
				PRODUCT_NAME = "$(TARGET_NAME)";
				SWIFT_EMIT_LOC_STRINGS = NO;
				SWIFT_VERSION = 5.0;
				TARGETED_DEVICE_FAMILY = "1,2";
				TEST_HOST = "$(BUILT_PRODUCTS_DIR)/palm.app/$(BUNDLE_EXECUTABLE_FOLDER_PATH)/palm";
			};
			name = Release;
		};
		243FB7AE28EDB0CE00C8416B /* Debug */ = {
			isa = XCBuildConfiguration;
			buildSettings = {
				ALWAYS_EMBED_SWIFT_STANDARD_LIBRARIES = YES;
				CODE_SIGN_STYLE = Automatic;
				CURRENT_PROJECT_VERSION = 1;
				DEVELOPMENT_TEAM = 6TZ3J8GC68;
				GENERATE_INFOPLIST_FILE = YES;
				MARKETING_VERSION = 1.0;
				PRODUCT_BUNDLE_IDENTIFIER = com.kwon.palmUITests;
				PRODUCT_NAME = "$(TARGET_NAME)";
				SWIFT_EMIT_LOC_STRINGS = NO;
				SWIFT_VERSION = 5.0;
				TARGETED_DEVICE_FAMILY = "1,2";
				TEST_TARGET_NAME = palm;
			};
			name = Debug;
		};
		243FB7AF28EDB0CE00C8416B /* Release */ = {
			isa = XCBuildConfiguration;
			buildSettings = {
				ALWAYS_EMBED_SWIFT_STANDARD_LIBRARIES = YES;
				CODE_SIGN_STYLE = Automatic;
				CURRENT_PROJECT_VERSION = 1;
				DEVELOPMENT_TEAM = 6TZ3J8GC68;
				GENERATE_INFOPLIST_FILE = YES;
				MARKETING_VERSION = 1.0;
				PRODUCT_BUNDLE_IDENTIFIER = com.kwon.palmUITests;
				PRODUCT_NAME = "$(TARGET_NAME)";
				SWIFT_EMIT_LOC_STRINGS = NO;
				SWIFT_VERSION = 5.0;
				TARGETED_DEVICE_FAMILY = "1,2";
				TEST_TARGET_NAME = palm;
			};
			name = Release;
		};
/* End XCBuildConfiguration section */

/* Begin XCConfigurationList section */
		243FB77828EDB0CC00C8416B /* Build configuration list for PBXProject "palm" */ = {
			isa = XCConfigurationList;
			buildConfigurations = (
				243FB7A528EDB0CE00C8416B /* Debug */,
				243FB7A628EDB0CE00C8416B /* Release */,
			);
			defaultConfigurationIsVisible = 0;
			defaultConfigurationName = Release;
		};
		243FB7A728EDB0CE00C8416B /* Build configuration list for PBXNativeTarget "palm" */ = {
			isa = XCConfigurationList;
			buildConfigurations = (
				243FB7A828EDB0CE00C8416B /* Debug */,
				243FB7A928EDB0CE00C8416B /* Release */,
			);
			defaultConfigurationIsVisible = 0;
			defaultConfigurationName = Release;
		};
		243FB7AA28EDB0CE00C8416B /* Build configuration list for PBXNativeTarget "palmTests" */ = {
			isa = XCConfigurationList;
			buildConfigurations = (
				243FB7AB28EDB0CE00C8416B /* Debug */,
				243FB7AC28EDB0CE00C8416B /* Release */,
			);
			defaultConfigurationIsVisible = 0;
			defaultConfigurationName = Release;
		};
		243FB7AD28EDB0CE00C8416B /* Build configuration list for PBXNativeTarget "palmUITests" */ = {
			isa = XCConfigurationList;
			buildConfigurations = (
				243FB7AE28EDB0CE00C8416B /* Debug */,
				243FB7AF28EDB0CE00C8416B /* Release */,
			);
			defaultConfigurationIsVisible = 0;
			defaultConfigurationName = Release;
		};
/* End XCConfigurationList section */
	};
	rootObject = 243FB77528EDB0CC00C8416B /* Project object */;
}
